// !$*UTF8*$!
{
	archiveVersion = 1;
	classes = {
	};
	objectVersion = 48;
	objects = {

/* Begin PBXBuildFile section */
		A43457231F5A6C1E00B6BA0E /* Functions.swift in Sources */ = {isa = PBXBuildFile; fileRef = A43457221F5A6C1E00B6BA0E /* Functions.swift */; };
		A437A1031F5619D700147D8A /* IQNSArray+Sort.m in Sources */ = {isa = PBXBuildFile; fileRef = A437A0E11F5619D700147D8A /* IQNSArray+Sort.m */; };
		A437A1041F5619D700147D8A /* IQUIScrollView+Additions.m in Sources */ = {isa = PBXBuildFile; fileRef = A437A0E31F5619D700147D8A /* IQUIScrollView+Additions.m */; };
		A437A1051F5619D700147D8A /* IQUITextFieldView+Additions.m in Sources */ = {isa = PBXBuildFile; fileRef = A437A0E51F5619D700147D8A /* IQUITextFieldView+Additions.m */; };
		A437A1061F5619D700147D8A /* IQUIView+Hierarchy.m in Sources */ = {isa = PBXBuildFile; fileRef = A437A0E71F5619D700147D8A /* IQUIView+Hierarchy.m */; };
		A437A1071F5619D700147D8A /* IQUIViewController+Additions.m in Sources */ = {isa = PBXBuildFile; fileRef = A437A0E91F5619D700147D8A /* IQUIViewController+Additions.m */; };
		A437A1081F5619D700147D8A /* IQUIWindow+Hierarchy.m in Sources */ = {isa = PBXBuildFile; fileRef = A437A0EB1F5619D700147D8A /* IQUIWindow+Hierarchy.m */; };
		A437A1091F5619D700147D8A /* IQKeyboardManager.m in Sources */ = {isa = PBXBuildFile; fileRef = A437A0F01F5619D700147D8A /* IQKeyboardManager.m */; };
		A437A10A1F5619D700147D8A /* IQKeyboardReturnKeyHandler.m in Sources */ = {isa = PBXBuildFile; fileRef = A437A0F21F5619D700147D8A /* IQKeyboardReturnKeyHandler.m */; };
		A437A10B1F5619D700147D8A /* IQTextView.m in Sources */ = {isa = PBXBuildFile; fileRef = A437A0F51F5619D700147D8A /* IQTextView.m */; };
		A437A10C1F5619D700147D8A /* IQBarButtonItem.m in Sources */ = {isa = PBXBuildFile; fileRef = A437A0F81F5619D700147D8A /* IQBarButtonItem.m */; };
		A437A10D1F5619D700147D8A /* IQPreviousNextView.m in Sources */ = {isa = PBXBuildFile; fileRef = A437A0FA1F5619D700147D8A /* IQPreviousNextView.m */; };
		A437A10E1F5619D700147D8A /* IQTitleBarButtonItem.m in Sources */ = {isa = PBXBuildFile; fileRef = A437A0FC1F5619D700147D8A /* IQTitleBarButtonItem.m */; };
		A437A10F1F5619D700147D8A /* IQToolbar.m in Sources */ = {isa = PBXBuildFile; fileRef = A437A0FE1F5619D700147D8A /* IQToolbar.m */; };
		A437A1101F5619D700147D8A /* IQUIView+IQKeyboardToolbar.m in Sources */ = {isa = PBXBuildFile; fileRef = A437A1001F5619D700147D8A /* IQUIView+IQKeyboardToolbar.m */; };
		A437A1111F5619D700147D8A /* IQKeyboardManager.bundle in Resources */ = {isa = PBXBuildFile; fileRef = A437A1021F5619D700147D8A /* IQKeyboardManager.bundle */; };
		A4415C851F4B7E9D000D6AB3 /* AppDelegate.swift in Sources */ = {isa = PBXBuildFile; fileRef = A4415C841F4B7E9D000D6AB3 /* AppDelegate.swift */; };
		A4415C871F4B7E9D000D6AB3 /* ViewController.swift in Sources */ = {isa = PBXBuildFile; fileRef = A4415C861F4B7E9D000D6AB3 /* ViewController.swift */; };
		A4415C8A1F4B7E9D000D6AB3 /* Main.storyboard in Resources */ = {isa = PBXBuildFile; fileRef = A4415C881F4B7E9D000D6AB3 /* Main.storyboard */; };
		A4415C8C1F4B7E9D000D6AB3 /* Assets.xcassets in Resources */ = {isa = PBXBuildFile; fileRef = A4415C8B1F4B7E9D000D6AB3 /* Assets.xcassets */; };
		A4415C8F1F4B7E9D000D6AB3 /* LaunchScreen.storyboard in Resources */ = {isa = PBXBuildFile; fileRef = A4415C8D1F4B7E9D000D6AB3 /* LaunchScreen.storyboard */; };
		A479A7351F63A50100774DF7 /* chatsound.mp3 in Resources */ = {isa = PBXBuildFile; fileRef = A479A7341F63A4FA00774DF7 /* chatsound.mp3 */; };
		A48D4FF21F59B86E00CF1F66 /* ChatFunction.swift in Sources */ = {isa = PBXBuildFile; fileRef = A48D4FF11F59B86E00CF1F66 /* ChatFunction.swift */; };
/* End PBXBuildFile section */

/* Begin PBXFileReference section */
		A43457221F5A6C1E00B6BA0E /* Functions.swift */ = {isa = PBXFileReference; lastKnownFileType = sourcecode.swift; path = Functions.swift; sourceTree = "<group>"; };
		A437A0E01F5619D700147D8A /* IQNSArray+Sort.h */ = {isa = PBXFileReference; fileEncoding = 4; lastKnownFileType = sourcecode.c.h; path = "IQNSArray+Sort.h"; sourceTree = "<group>"; };
		A437A0E11F5619D700147D8A /* IQNSArray+Sort.m */ = {isa = PBXFileReference; fileEncoding = 4; lastKnownFileType = sourcecode.c.objc; path = "IQNSArray+Sort.m"; sourceTree = "<group>"; };
		A437A0E21F5619D700147D8A /* IQUIScrollView+Additions.h */ = {isa = PBXFileReference; fileEncoding = 4; lastKnownFileType = sourcecode.c.h; path = "IQUIScrollView+Additions.h"; sourceTree = "<group>"; };
		A437A0E31F5619D700147D8A /* IQUIScrollView+Additions.m */ = {isa = PBXFileReference; fileEncoding = 4; lastKnownFileType = sourcecode.c.objc; path = "IQUIScrollView+Additions.m"; sourceTree = "<group>"; };
		A437A0E41F5619D700147D8A /* IQUITextFieldView+Additions.h */ = {isa = PBXFileReference; fileEncoding = 4; lastKnownFileType = sourcecode.c.h; path = "IQUITextFieldView+Additions.h"; sourceTree = "<group>"; };
		A437A0E51F5619D700147D8A /* IQUITextFieldView+Additions.m */ = {isa = PBXFileReference; fileEncoding = 4; lastKnownFileType = sourcecode.c.objc; path = "IQUITextFieldView+Additions.m"; sourceTree = "<group>"; };
		A437A0E61F5619D700147D8A /* IQUIView+Hierarchy.h */ = {isa = PBXFileReference; fileEncoding = 4; lastKnownFileType = sourcecode.c.h; path = "IQUIView+Hierarchy.h"; sourceTree = "<group>"; };
		A437A0E71F5619D700147D8A /* IQUIView+Hierarchy.m */ = {isa = PBXFileReference; fileEncoding = 4; lastKnownFileType = sourcecode.c.objc; path = "IQUIView+Hierarchy.m"; sourceTree = "<group>"; };
		A437A0E81F5619D700147D8A /* IQUIViewController+Additions.h */ = {isa = PBXFileReference; fileEncoding = 4; lastKnownFileType = sourcecode.c.h; path = "IQUIViewController+Additions.h"; sourceTree = "<group>"; };
		A437A0E91F5619D700147D8A /* IQUIViewController+Additions.m */ = {isa = PBXFileReference; fileEncoding = 4; lastKnownFileType = sourcecode.c.objc; path = "IQUIViewController+Additions.m"; sourceTree = "<group>"; };
		A437A0EA1F5619D700147D8A /* IQUIWindow+Hierarchy.h */ = {isa = PBXFileReference; fileEncoding = 4; lastKnownFileType = sourcecode.c.h; path = "IQUIWindow+Hierarchy.h"; sourceTree = "<group>"; };
		A437A0EB1F5619D700147D8A /* IQUIWindow+Hierarchy.m */ = {isa = PBXFileReference; fileEncoding = 4; lastKnownFileType = sourcecode.c.objc; path = "IQUIWindow+Hierarchy.m"; sourceTree = "<group>"; };
		A437A0ED1F5619D700147D8A /* IQKeyboardManagerConstants.h */ = {isa = PBXFileReference; fileEncoding = 4; lastKnownFileType = sourcecode.c.h; path = IQKeyboardManagerConstants.h; sourceTree = "<group>"; };
		A437A0EE1F5619D700147D8A /* IQKeyboardManagerConstantsInternal.h */ = {isa = PBXFileReference; fileEncoding = 4; lastKnownFileType = sourcecode.c.h; path = IQKeyboardManagerConstantsInternal.h; sourceTree = "<group>"; };
		A437A0EF1F5619D700147D8A /* IQKeyboardManager.h */ = {isa = PBXFileReference; fileEncoding = 4; lastKnownFileType = sourcecode.c.h; path = IQKeyboardManager.h; sourceTree = "<group>"; };
		A437A0F01F5619D700147D8A /* IQKeyboardManager.m */ = {isa = PBXFileReference; fileEncoding = 4; lastKnownFileType = sourcecode.c.objc; path = IQKeyboardManager.m; sourceTree = "<group>"; };
		A437A0F11F5619D700147D8A /* IQKeyboardReturnKeyHandler.h */ = {isa = PBXFileReference; fileEncoding = 4; lastKnownFileType = sourcecode.c.h; path = IQKeyboardReturnKeyHandler.h; sourceTree = "<group>"; };
		A437A0F21F5619D700147D8A /* IQKeyboardReturnKeyHandler.m */ = {isa = PBXFileReference; fileEncoding = 4; lastKnownFileType = sourcecode.c.objc; path = IQKeyboardReturnKeyHandler.m; sourceTree = "<group>"; };
		A437A0F41F5619D700147D8A /* IQTextView.h */ = {isa = PBXFileReference; fileEncoding = 4; lastKnownFileType = sourcecode.c.h; path = IQTextView.h; sourceTree = "<group>"; };
		A437A0F51F5619D700147D8A /* IQTextView.m */ = {isa = PBXFileReference; fileEncoding = 4; lastKnownFileType = sourcecode.c.objc; path = IQTextView.m; sourceTree = "<group>"; };
		A437A0F71F5619D700147D8A /* IQBarButtonItem.h */ = {isa = PBXFileReference; fileEncoding = 4; lastKnownFileType = sourcecode.c.h; path = IQBarButtonItem.h; sourceTree = "<group>"; };
		A437A0F81F5619D700147D8A /* IQBarButtonItem.m */ = {isa = PBXFileReference; fileEncoding = 4; lastKnownFileType = sourcecode.c.objc; path = IQBarButtonItem.m; sourceTree = "<group>"; };
		A437A0F91F5619D700147D8A /* IQPreviousNextView.h */ = {isa = PBXFileReference; fileEncoding = 4; lastKnownFileType = sourcecode.c.h; path = IQPreviousNextView.h; sourceTree = "<group>"; };
		A437A0FA1F5619D700147D8A /* IQPreviousNextView.m */ = {isa = PBXFileReference; fileEncoding = 4; lastKnownFileType = sourcecode.c.objc; path = IQPreviousNextView.m; sourceTree = "<group>"; };
		A437A0FB1F5619D700147D8A /* IQTitleBarButtonItem.h */ = {isa = PBXFileReference; fileEncoding = 4; lastKnownFileType = sourcecode.c.h; path = IQTitleBarButtonItem.h; sourceTree = "<group>"; };
		A437A0FC1F5619D700147D8A /* IQTitleBarButtonItem.m */ = {isa = PBXFileReference; fileEncoding = 4; lastKnownFileType = sourcecode.c.objc; path = IQTitleBarButtonItem.m; sourceTree = "<group>"; };
		A437A0FD1F5619D700147D8A /* IQToolbar.h */ = {isa = PBXFileReference; fileEncoding = 4; lastKnownFileType = sourcecode.c.h; path = IQToolbar.h; sourceTree = "<group>"; };
		A437A0FE1F5619D700147D8A /* IQToolbar.m */ = {isa = PBXFileReference; fileEncoding = 4; lastKnownFileType = sourcecode.c.objc; path = IQToolbar.m; sourceTree = "<group>"; };
		A437A0FF1F5619D700147D8A /* IQUIView+IQKeyboardToolbar.h */ = {isa = PBXFileReference; fileEncoding = 4; lastKnownFileType = sourcecode.c.h; path = "IQUIView+IQKeyboardToolbar.h"; sourceTree = "<group>"; };
		A437A1001F5619D700147D8A /* IQUIView+IQKeyboardToolbar.m */ = {isa = PBXFileReference; fileEncoding = 4; lastKnownFileType = sourcecode.c.objc; path = "IQUIView+IQKeyboardToolbar.m"; sourceTree = "<group>"; };
		A437A1021F5619D700147D8A /* IQKeyboardManager.bundle */ = {isa = PBXFileReference; lastKnownFileType = "wrapper.plug-in"; path = IQKeyboardManager.bundle; sourceTree = "<group>"; };
		A4415C811F4B7E9D000D6AB3 /* KenBot.app */ = {isa = PBXFileReference; explicitFileType = wrapper.application; includeInIndex = 0; path = KenBot.app; sourceTree = BUILT_PRODUCTS_DIR; };
		A4415C841F4B7E9D000D6AB3 /* AppDelegate.swift */ = {isa = PBXFileReference; lastKnownFileType = sourcecode.swift; path = AppDelegate.swift; sourceTree = "<group>"; };
		A4415C861F4B7E9D000D6AB3 /* ViewController.swift */ = {isa = PBXFileReference; lastKnownFileType = sourcecode.swift; path = ViewController.swift; sourceTree = "<group>"; };
		A4415C891F4B7E9D000D6AB3 /* Base */ = {isa = PBXFileReference; lastKnownFileType = file.storyboard; name = Base; path = Base.lproj/Main.storyboard; sourceTree = "<group>"; };
		A4415C8B1F4B7E9D000D6AB3 /* Assets.xcassets */ = {isa = PBXFileReference; lastKnownFileType = folder.assetcatalog; path = Assets.xcassets; sourceTree = "<group>"; };
		A4415C8E1F4B7E9D000D6AB3 /* Base */ = {isa = PBXFileReference; lastKnownFileType = file.storyboard; name = Base; path = Base.lproj/LaunchScreen.storyboard; sourceTree = "<group>"; };
		A4415C901F4B7E9D000D6AB3 /* Info.plist */ = {isa = PBXFileReference; lastKnownFileType = text.plist.xml; path = Info.plist; sourceTree = "<group>"; };
		A44286AC1F53B813000999F9 /* robot-peeking.png */ = {isa = PBXFileReference; lastKnownFileType = image.png; path = "robot-peeking.png"; sourceTree = "<group>"; };
		A479A7341F63A4FA00774DF7 /* chatsound.mp3 */ = {isa = PBXFileReference; lastKnownFileType = audio.mp3; path = chatsound.mp3; sourceTree = "<group>"; };
		A48D4FF11F59B86E00CF1F66 /* ChatFunction.swift */ = {isa = PBXFileReference; lastKnownFileType = sourcecode.swift; path = ChatFunction.swift; sourceTree = "<group>"; };
/* End PBXFileReference section */

/* Begin PBXFrameworksBuildPhase section */
		A4415C7E1F4B7E9D000D6AB3 /* Frameworks */ = {
			isa = PBXFrameworksBuildPhase;
			buildActionMask = 2147483647;
			files = (
			);
			runOnlyForDeploymentPostprocessing = 0;
		};
/* End PBXFrameworksBuildPhase section */

/* Begin PBXGroup section */
		A437A0DE1F5619D700147D8A /* IQKeyboardManager */ = {
			isa = PBXGroup;
			children = (
				A437A0DF1F5619D700147D8A /* Categories */,
				A437A0EC1F5619D700147D8A /* Constants */,
				A437A0EF1F5619D700147D8A /* IQKeyboardManager.h */,
				A437A0F01F5619D700147D8A /* IQKeyboardManager.m */,
				A437A0F11F5619D700147D8A /* IQKeyboardReturnKeyHandler.h */,
				A437A0F21F5619D700147D8A /* IQKeyboardReturnKeyHandler.m */,
				A437A0F31F5619D700147D8A /* IQTextView */,
				A437A0F61F5619D700147D8A /* IQToolbar */,
				A437A1011F5619D700147D8A /* Resources */,
			);
			name = IQKeyboardManager;
			path = "../../../../Downloads/IQKeyboardManager-swift3 2/IQKeyboardManager";
			sourceTree = "<group>";
		};
		A437A0DF1F5619D700147D8A /* Categories */ = {
			isa = PBXGroup;
			children = (
				A437A0E01F5619D700147D8A /* IQNSArray+Sort.h */,
				A437A0E11F5619D700147D8A /* IQNSArray+Sort.m */,
				A437A0E21F5619D700147D8A /* IQUIScrollView+Additions.h */,
				A437A0E31F5619D700147D8A /* IQUIScrollView+Additions.m */,
				A437A0E41F5619D700147D8A /* IQUITextFieldView+Additions.h */,
				A437A0E51F5619D700147D8A /* IQUITextFieldView+Additions.m */,
				A437A0E61F5619D700147D8A /* IQUIView+Hierarchy.h */,
				A437A0E71F5619D700147D8A /* IQUIView+Hierarchy.m */,
				A437A0E81F5619D700147D8A /* IQUIViewController+Additions.h */,
				A437A0E91F5619D700147D8A /* IQUIViewController+Additions.m */,
				A437A0EA1F5619D700147D8A /* IQUIWindow+Hierarchy.h */,
				A437A0EB1F5619D700147D8A /* IQUIWindow+Hierarchy.m */,
			);
			path = Categories;
			sourceTree = "<group>";
		};
		A437A0EC1F5619D700147D8A /* Constants */ = {
			isa = PBXGroup;
			children = (
				A437A0ED1F5619D700147D8A /* IQKeyboardManagerConstants.h */,
				A437A0EE1F5619D700147D8A /* IQKeyboardManagerConstantsInternal.h */,
			);
			path = Constants;
			sourceTree = "<group>";
		};
		A437A0F31F5619D700147D8A /* IQTextView */ = {
			isa = PBXGroup;
			children = (
				A437A0F41F5619D700147D8A /* IQTextView.h */,
				A437A0F51F5619D700147D8A /* IQTextView.m */,
			);
			path = IQTextView;
			sourceTree = "<group>";
		};
		A437A0F61F5619D700147D8A /* IQToolbar */ = {
			isa = PBXGroup;
			children = (
				A437A0F71F5619D700147D8A /* IQBarButtonItem.h */,
				A437A0F81F5619D700147D8A /* IQBarButtonItem.m */,
				A437A0F91F5619D700147D8A /* IQPreviousNextView.h */,
				A437A0FA1F5619D700147D8A /* IQPreviousNextView.m */,
				A437A0FB1F5619D700147D8A /* IQTitleBarButtonItem.h */,
				A437A0FC1F5619D700147D8A /* IQTitleBarButtonItem.m */,
				A437A0FD1F5619D700147D8A /* IQToolbar.h */,
				A437A0FE1F5619D700147D8A /* IQToolbar.m */,
				A437A0FF1F5619D700147D8A /* IQUIView+IQKeyboardToolbar.h */,
				A437A1001F5619D700147D8A /* IQUIView+IQKeyboardToolbar.m */,
			);
			path = IQToolbar;
			sourceTree = "<group>";
		};
		A437A1011F5619D700147D8A /* Resources */ = {
			isa = PBXGroup;
			children = (
				A437A1021F5619D700147D8A /* IQKeyboardManager.bundle */,
			);
			path = Resources;
			sourceTree = "<group>";
		};
		A4415C781F4B7E9D000D6AB3 = {
			isa = PBXGroup;
			children = (
				A4415C831F4B7E9D000D6AB3 /* KenBot */,
				A4415C821F4B7E9D000D6AB3 /* Products */,
				A44286AC1F53B813000999F9 /* robot-peeking.png */,
			);
			sourceTree = "<group>";
		};
		A4415C821F4B7E9D000D6AB3 /* Products */ = {
			isa = PBXGroup;
			children = (
				A4415C811F4B7E9D000D6AB3 /* KenBot.app */,
			);
			name = Products;
			sourceTree = "<group>";
		};
		A4415C831F4B7E9D000D6AB3 /* KenBot */ = {
			isa = PBXGroup;
			children = (
				A437A0DE1F5619D700147D8A /* IQKeyboardManager */,
				A4415C841F4B7E9D000D6AB3 /* AppDelegate.swift */,
				A4415C861F4B7E9D000D6AB3 /* ViewController.swift */,
				A43457221F5A6C1E00B6BA0E /* Functions.swift */,
				A48D4FF11F59B86E00CF1F66 /* ChatFunction.swift */,
				A4415C881F4B7E9D000D6AB3 /* Main.storyboard */,
				A479A7341F63A4FA00774DF7 /* chatsound.mp3 */,
				A4415C8B1F4B7E9D000D6AB3 /* Assets.xcassets */,
				A4415C8D1F4B7E9D000D6AB3 /* LaunchScreen.storyboard */,
				A4415C901F4B7E9D000D6AB3 /* Info.plist */,
			);
			path = KenBot;
			sourceTree = "<group>";
		};
/* End PBXGroup section */

/* Begin PBXNativeTarget section */
		A4415C801F4B7E9D000D6AB3 /* KenBot */ = {
			isa = PBXNativeTarget;
			buildConfigurationList = A4415C931F4B7E9D000D6AB3 /* Build configuration list for PBXNativeTarget "KenBot" */;
			buildPhases = (
				A4415C7D1F4B7E9D000D6AB3 /* Sources */,
				A4415C7E1F4B7E9D000D6AB3 /* Frameworks */,
				A4415C7F1F4B7E9D000D6AB3 /* Resources */,
			);
			buildRules = (
			);
			dependencies = (
			);
			name = KenBot;
			productName = KenBot;
			productReference = A4415C811F4B7E9D000D6AB3 /* KenBot.app */;
			productType = "com.apple.product-type.application";
		};
/* End PBXNativeTarget section */

/* Begin PBXProject section */
		A4415C791F4B7E9D000D6AB3 /* Project object */ = {
			isa = PBXProject;
			attributes = {
				LastSwiftUpdateCheck = 0900;
				LastUpgradeCheck = 0900;
				ORGANIZATIONNAME = kenTaylor;
				TargetAttributes = {
					A4415C801F4B7E9D000D6AB3 = {
						CreatedOnToolsVersion = 9.0;
						ProvisioningStyle = Automatic;
					};
				};
			};
			buildConfigurationList = A4415C7C1F4B7E9D000D6AB3 /* Build configuration list for PBXProject "KenBot" */;
			compatibilityVersion = "Xcode 8.0";
			developmentRegion = en;
			hasScannedForEncodings = 0;
			knownRegions = (
				en,
				Base,
			);
			mainGroup = A4415C781F4B7E9D000D6AB3;
			productRefGroup = A4415C821F4B7E9D000D6AB3 /* Products */;
			projectDirPath = "";
			projectRoot = "";
			targets = (
				A4415C801F4B7E9D000D6AB3 /* KenBot */,
			);
		};
/* End PBXProject section */

/* Begin PBXResourcesBuildPhase section */
		A4415C7F1F4B7E9D000D6AB3 /* Resources */ = {
			isa = PBXResourcesBuildPhase;
			buildActionMask = 2147483647;
			files = (
				A4415C8F1F4B7E9D000D6AB3 /* LaunchScreen.storyboard in Resources */,
				A4415C8C1F4B7E9D000D6AB3 /* Assets.xcassets in Resources */,
				A437A1111F5619D700147D8A /* IQKeyboardManager.bundle in Resources */,
				A4415C8A1F4B7E9D000D6AB3 /* Main.storyboard in Resources */,
				A479A7351F63A50100774DF7 /* chatsound.mp3 in Resources */,
			);
			runOnlyForDeploymentPostprocessing = 0;
		};
/* End PBXResourcesBuildPhase section */

/* Begin PBXSourcesBuildPhase section */
		A4415C7D1F4B7E9D000D6AB3 /* Sources */ = {
			isa = PBXSourcesBuildPhase;
			buildActionMask = 2147483647;
			files = (
				A437A1091F5619D700147D8A /* IQKeyboardManager.m in Sources */,
				A437A10E1F5619D700147D8A /* IQTitleBarButtonItem.m in Sources */,
				A437A1031F5619D700147D8A /* IQNSArray+Sort.m in Sources */,
				A437A1101F5619D700147D8A /* IQUIView+IQKeyboardToolbar.m in Sources */,
				A437A10C1F5619D700147D8A /* IQBarButtonItem.m in Sources */,
				A437A1041F5619D700147D8A /* IQUIScrollView+Additions.m in Sources */,
				A437A10F1F5619D700147D8A /* IQToolbar.m in Sources */,
				A48D4FF21F59B86E00CF1F66 /* ChatFunction.swift in Sources */,
				A437A1071F5619D700147D8A /* IQUIViewController+Additions.m in Sources */,
				A437A1081F5619D700147D8A /* IQUIWindow+Hierarchy.m in Sources */,
				A437A10A1F5619D700147D8A /* IQKeyboardReturnKeyHandler.m in Sources */,
				A43457231F5A6C1E00B6BA0E /* Functions.swift in Sources */,
				A4415C871F4B7E9D000D6AB3 /* ViewController.swift in Sources */,
				A437A10D1F5619D700147D8A /* IQPreviousNextView.m in Sources */,
				A4415C851F4B7E9D000D6AB3 /* AppDelegate.swift in Sources */,
				A437A1061F5619D700147D8A /* IQUIView+Hierarchy.m in Sources */,
				A437A10B1F5619D700147D8A /* IQTextView.m in Sources */,
				A437A1051F5619D700147D8A /* IQUITextFieldView+Additions.m in Sources */,
			);
			runOnlyForDeploymentPostprocessing = 0;
		};
/* End PBXSourcesBuildPhase section */

/* Begin PBXVariantGroup section */
		A4415C881F4B7E9D000D6AB3 /* Main.storyboard */ = {
			isa = PBXVariantGroup;
			children = (
				A4415C891F4B7E9D000D6AB3 /* Base */,
			);
			name = Main.storyboard;
			sourceTree = "<group>";
		};
		A4415C8D1F4B7E9D000D6AB3 /* LaunchScreen.storyboard */ = {
			isa = PBXVariantGroup;
			children = (
				A4415C8E1F4B7E9D000D6AB3 /* Base */,
			);
			name = LaunchScreen.storyboard;
			sourceTree = "<group>";
		};
/* End PBXVariantGroup section */

/* Begin XCBuildConfiguration section */
		A4415C911F4B7E9D000D6AB3 /* Debug */ = {
			isa = XCBuildConfiguration;
			buildSettings = {
				ALWAYS_SEARCH_USER_PATHS = NO;
				CLANG_ANALYZER_NONNULL = YES;
				CLANG_ANALYZER_NUMBER_OBJECT_CONVERSION = YES_AGGRESSIVE;
				CLANG_CXX_LANGUAGE_STANDARD = "gnu++14";
				CLANG_CXX_LIBRARY = "libc++";
				CLANG_ENABLE_MODULES = YES;
				CLANG_ENABLE_OBJC_ARC = YES;
				CLANG_WARN_BLOCK_CAPTURE_AUTORELEASING = YES;
				CLANG_WARN_BOOL_CONVERSION = YES;
				CLANG_WARN_COMMA = YES;
				CLANG_WARN_CONSTANT_CONVERSION = YES;
				CLANG_WARN_DIRECT_OBJC_ISA_USAGE = YES_ERROR;
				CLANG_WARN_DOCUMENTATION_COMMENTS = YES;
				CLANG_WARN_EMPTY_BODY = YES;
				CLANG_WARN_ENUM_CONVERSION = YES;
				CLANG_WARN_INFINITE_RECURSION = YES;
				CLANG_WARN_INT_CONVERSION = YES;
				CLANG_WARN_NON_LITERAL_NULL_CONVERSION = YES;
				CLANG_WARN_OBJC_LITERAL_CONVERSION = YES;
				CLANG_WARN_OBJC_ROOT_CLASS = YES_ERROR;
				CLANG_WARN_RANGE_LOOP_ANALYSIS = YES;
				CLANG_WARN_STRICT_PROTOTYPES = YES;
				CLANG_WARN_SUSPICIOUS_MOVE = YES;
				CLANG_WARN_UNGUARDED_AVAILABILITY = YES_AGGRESSIVE;
				CLANG_WARN_UNREACHABLE_CODE = YES;
				CLANG_WARN__DUPLICATE_METHOD_MATCH = YES;
				CODE_SIGN_IDENTITY = "iPhone Developer";
				COPY_PHASE_STRIP = NO;
				DEBUG_INFORMATION_FORMAT = dwarf;
				ENABLE_STRICT_OBJC_MSGSEND = YES;
				ENABLE_TESTABILITY = YES;
				GCC_C_LANGUAGE_STANDARD = gnu11;
				GCC_DYNAMIC_NO_PIC = NO;
				GCC_NO_COMMON_BLOCKS = YES;
				GCC_OPTIMIZATION_LEVEL = 0;
				GCC_PREPROCESSOR_DEFINITIONS = (
					"DEBUG=1",
					"$(inherited)",
				);
				GCC_WARN_64_TO_32_BIT_CONVERSION = YES;
				GCC_WARN_ABOUT_RETURN_TYPE = YES_ERROR;
				GCC_WARN_UNDECLARED_SELECTOR = YES;
				GCC_WARN_UNINITIALIZED_AUTOS = YES_AGGRESSIVE;
				GCC_WARN_UNUSED_FUNCTION = YES;
				GCC_WARN_UNUSED_VARIABLE = YES;
				IPHONEOS_DEPLOYMENT_TARGET = 11.0;
				MTL_ENABLE_DEBUG_INFO = YES;
				ONLY_ACTIVE_ARCH = YES;
				SDKROOT = iphoneos;
				SWIFT_ACTIVE_COMPILATION_CONDITIONS = DEBUG;
				SWIFT_OPTIMIZATION_LEVEL = "-Onone";
			};
			name = Debug;
		};
		A4415C921F4B7E9D000D6AB3 /* Release */ = {
			isa = XCBuildConfiguration;
			buildSettings = {
				ALWAYS_SEARCH_USER_PATHS = NO;
				CLANG_ANALYZER_NONNULL = YES;
				CLANG_ANALYZER_NUMBER_OBJECT_CONVERSION = YES_AGGRESSIVE;
				CLANG_CXX_LANGUAGE_STANDARD = "gnu++14";
				CLANG_CXX_LIBRARY = "libc++";
				CLANG_ENABLE_MODULES = YES;
				CLANG_ENABLE_OBJC_ARC = YES;
				CLANG_WARN_BLOCK_CAPTURE_AUTORELEASING = YES;
				CLANG_WARN_BOOL_CONVERSION = YES;
				CLANG_WARN_COMMA = YES;
				CLANG_WARN_CONSTANT_CONVERSION = YES;
				CLANG_WARN_DIRECT_OBJC_ISA_USAGE = YES_ERROR;
				CLANG_WARN_DOCUMENTATION_COMMENTS = YES;
				CLANG_WARN_EMPTY_BODY = YES;
				CLANG_WARN_ENUM_CONVERSION = YES;
				CLANG_WARN_INFINITE_RECURSION = YES;
				CLANG_WARN_INT_CONVERSION = YES;
				CLANG_WARN_NON_LITERAL_NULL_CONVERSION = YES;
				CLANG_WARN_OBJC_LITERAL_CONVERSION = YES;
				CLANG_WARN_OBJC_ROOT_CLASS = YES_ERROR;
				CLANG_WARN_RANGE_LOOP_ANALYSIS = YES;
				CLANG_WARN_STRICT_PROTOTYPES = YES;
				CLANG_WARN_SUSPICIOUS_MOVE = YES;
				CLANG_WARN_UNGUARDED_AVAILABILITY = YES_AGGRESSIVE;
				CLANG_WARN_UNREACHABLE_CODE = YES;
				CLANG_WARN__DUPLICATE_METHOD_MATCH = YES;
				CODE_SIGN_IDENTITY = "iPhone Developer";
				COPY_PHASE_STRIP = NO;
				DEBUG_INFORMATION_FORMAT = "dwarf-with-dsym";
				ENABLE_NS_ASSERTIONS = NO;
				ENABLE_STRICT_OBJC_MSGSEND = YES;
				GCC_C_LANGUAGE_STANDARD = gnu11;
				GCC_NO_COMMON_BLOCKS = YES;
				GCC_WARN_64_TO_32_BIT_CONVERSION = YES;
				GCC_WARN_ABOUT_RETURN_TYPE = YES_ERROR;
				GCC_WARN_UNDECLARED_SELECTOR = YES;
				GCC_WARN_UNINITIALIZED_AUTOS = YES_AGGRESSIVE;
				GCC_WARN_UNUSED_FUNCTION = YES;
				GCC_WARN_UNUSED_VARIABLE = YES;
				IPHONEOS_DEPLOYMENT_TARGET = 11.0;
				MTL_ENABLE_DEBUG_INFO = NO;
				SDKROOT = iphoneos;
				SWIFT_OPTIMIZATION_LEVEL = "-Owholemodule";
				VALIDATE_PRODUCT = YES;
			};
			name = Release;
		};
		A4415C941F4B7E9D000D6AB3 /* Debug */ = {
			isa = XCBuildConfiguration;
			buildSettings = {
				ASSETCATALOG_COMPILER_APPICON_NAME = AppIcon;
				"CODE_SIGN_IDENTITY[sdk=iphoneos*]" = "iPhone Developer";
				CODE_SIGN_STYLE = Automatic;
				DEVELOPMENT_TEAM = 49V36BNU9U;
				INFOPLIST_FILE = KenBot/Info.plist;
				IPHONEOS_DEPLOYMENT_TARGET = 10.2;
				LD_RUNPATH_SEARCH_PATHS = "$(inherited) @executable_path/Frameworks";
				PRODUCT_BUNDLE_IDENTIFIER = KenTaylor.KenBot22;
				PRODUCT_NAME = "$(TARGET_NAME)";
				PROVISIONING_PROFILE_SPECIFIER = "";
				SWIFT_VERSION = 4.0;
				TARGETED_DEVICE_FAMILY = 1;
			};
			name = Debug;
		};
		A4415C951F4B7E9D000D6AB3 /* Release */ = {
			isa = XCBuildConfiguration;
			buildSettings = {
				ASSETCATALOG_COMPILER_APPICON_NAME = AppIcon;
				"CODE_SIGN_IDENTITY[sdk=iphoneos*]" = "iPhone Developer";
				CODE_SIGN_STYLE = Automatic;
				DEVELOPMENT_TEAM = 49V36BNU9U;
				INFOPLIST_FILE = KenBot/Info.plist;
				IPHONEOS_DEPLOYMENT_TARGET = 10.2;
				LD_RUNPATH_SEARCH_PATHS = "$(inherited) @executable_path/Frameworks";
				PRODUCT_BUNDLE_IDENTIFIER = KenTaylor.KenBot22;
				PRODUCT_NAME = "$(TARGET_NAME)";
				PROVISIONING_PROFILE_SPECIFIER = "";
				SWIFT_VERSION = 4.0;
				TARGETED_DEVICE_FAMILY = 1;
			};
			name = Release;
		};
/* End XCBuildConfiguration section */

/* Begin XCConfigurationList section */
		A4415C7C1F4B7E9D000D6AB3 /* Build configuration list for PBXProject "KenBot" */ = {
			isa = XCConfigurationList;
			buildConfigurations = (
				A4415C911F4B7E9D000D6AB3 /* Debug */,
				A4415C921F4B7E9D000D6AB3 /* Release */,
			);
			defaultConfigurationIsVisible = 0;
			defaultConfigurationName = Release;
		};
		A4415C931F4B7E9D000D6AB3 /* Build configuration list for PBXNativeTarget "KenBot" */ = {
			isa = XCConfigurationList;
			buildConfigurations = (
				A4415C941F4B7E9D000D6AB3 /* Debug */,
				A4415C951F4B7E9D000D6AB3 /* Release */,
			);
			defaultConfigurationIsVisible = 0;
			defaultConfigurationName = Release;
		};
/* End XCConfigurationList section */
	};
	rootObject = A4415C791F4B7E9D000D6AB3 /* Project object */;
}
